# THIS IS AN AUTOGENERATED FILE. DO NOT EDIT THIS FILE DIRECTLY.
# yarn lockfile v1


"@reactivex/rxjs@^5.2.0":
  version "5.5.12"
  resolved "https://registry.yarnpkg.com/@reactivex/rxjs/-/rxjs-5.5.12.tgz#dbac7548c6c4c6c38d851b211591f95dc32d5903"
  integrity sha512-xLiPlyPxpJd1ydEH1C2MSD9EFGW9OqyGep2gYXCTTfciSAjdYIJcaSeGk+kIhQXRiihyCjFfjlzcSQkq/t8bpw==
  dependencies:
    symbol-observable "1.0.1"

"@types/node@^6.0.45":
  version "6.14.4"
  resolved "https://registry.yarnpkg.com/@types/node/-/node-6.14.4.tgz#d8de576bdeaaafcf54a158af1e38cbb6e6d3db46"
  integrity sha512-UqB7h2dVJr/KdZXRMJIhNUWT0HXVe9UNvfLCOsqiSGKAVaAp0QniYHlU9yegxyG6Ug2rc7VdAD4hYj3VghqvAw==

node-fetch@^2.3.0:
  version "2.3.0"
  resolved "https://registry.yarnpkg.com/node-fetch/-/node-fetch-2.3.0.tgz#1a1d940bbfb916a1d3e0219f037e89e71f8c5fa5"
  integrity sha512-MOd8pV3fxENbryESLgVIeaGKrdl+uaYhCSSVkjeOb/31/njTpcis5aWfdqgNlHIrKOLRbMnfPINPOML2CIFeXA==

rxjs@^6.4.0:
  version "6.4.0"
  resolved "https://registry.yarnpkg.com/rxjs/-/rxjs-6.4.0.tgz#f3bb0fe7bda7fb69deac0c16f17b50b0b8790504"
  integrity sha512-Z9Yfa11F6B9Sg/BK9MnqnQ+aQYicPLtilXBp2yUtDt2JRCE0h26d33EnfO3ZxoNxG0T92OUucP3Ct7cpfkdFfw==
  dependencies:
    tslib "^1.9.0"

symbol-observable@1.0.1:
  version "1.0.1"
  resolved "https://registry.yarnpkg.com/symbol-observable/-/symbol-observable-1.0.1.tgz#8340fc4702c3122df5d22288f88283f513d3fdd4"
  integrity sha1-g0D8RwLDEi310iKI+IKD9RPT/dQ=

tslib@^1.9.0:
  version "1.9.3"
  resolved "https://registry.yarnpkg.com/tslib/-/tslib-1.9.3.tgz#d7e4dd79245d85428c4d7e4822a79917954ca286"
  integrity sha512-4krF8scpejhaOgqzBEcGM7yDIEfi0/8+8zDRZhNZZ2kjmHJ4hv3zCbQWxoJGz1iw5U0Jl0nma13xzHXcncMavQ==
